<?xml version="1.0" encoding="UTF-8" standalone="yes" ?>
<CodeBlocks_project_file>
	<FileVersion major="1" minor="6" />
	<Project>
		<Option title="LBPSURFSVM" />
		<Option pch_mode="2" />
		<Option compiler="gcc" />
		<Build>
			<Target title="Debug">
				<Option output="bin/Debug/LBPSURFSVM" prefix_auto="1" extension_auto="1" />
				<Option object_output="obj/Debug/" />
				<Option type="1" />
				<Option compiler="gcc" />
				<Compiler>
					<Add option="-g" />
				</Compiler>
			</Target>
			<Target title="Release">
				<Option output="bin/Release/LBPSURFSVM" prefix_auto="1" extension_auto="1" />
				<Option object_output="obj/Release/" />
				<Option type="1" />
				<Option compiler="gcc" />
				<Compiler>
					<Add option="-O2" />
				</Compiler>
				<Linker>
					<Add option="-s" />
				</Linker>
			</Target>
		</Build>
		<Compiler>
			<Add option="-Wall" />
			<Add option="-fexceptions" />
		</Compiler>
		<Unit filename="LBPSURFSVM.depend" />
		<Unit filename="LBPextract.cpp" />
		<Unit filename="LBPextract.h" />
		<Unit filename="WriteData.cpp" />
		<Unit filename="WriteData.h" />
		<Unit filename="classifierSVM.cpp" />
		<Unit filename="classifierSVM.h" />
		<Unit filename="confusionMatrix.cpp" />
		<Unit filename="confusionMatrix.h" />
		<Unit filename="extractFeature.cpp" />
		<Unit filename="extractFeature.h" />
		<Unit filename="histogram.cpp" />
		<Unit filename="histogram.hpp" />
		<Unit filename="lbp.cpp" />
		<Unit filename="lbp.hpp" />
		<Unit filename="main.cpp" />
		<Unit filename="pathAndLabeltest.cpp" />
		<Unit filename="pathAndLabeltest.h" />
		<Unit filename="pathAndLabeltrain.cpp" />
		<Unit filename="pathAndLabeltrain.h" />
		<Extensions>
			<envvars />
			<code_completion />
			<debugger />
			<lib_finder disable_auto="1" />
		</Extensions>
	</Project>
</CodeBlocks_project_file>
